
Microsoft Visual Studio Solution File, Format Version 12.00
# Visual Studio Version 17
VisualStudioVersion = 17.10.34916.146
MinimumVisualStudioVersion = 10.0.40219.1
Project("{9A19103F-16F7-4668-BE54-9A1E7A4F7556}") = "TPN1EnWeb.Entidades", "TPN1EnWeb.Entidades\TPN1EnWeb.Entidades.csproj", "{CE7A4A5F-31BC-4B5A-9584-B5A39853AEB2}"
EndProject
Project("{9A19103F-16F7-4668-BE54-9A1E7A4F7556}") = "TPN1EnWeb.Datos", "TPN1EnWeb.Datos\TPN1EnWeb.Datos.csproj", "{2B7DE259-F21A-4524-9D51-DF8FDFA88B99}"
EndProject
Project("{9A19103F-16F7-4668-BE54-9A1E7A4F7556}") = "TPN1EnWeb.IOC", "TPN1EnWeb.IOC\TPN1EnWeb.IOC.csproj", "{F1235C97-04A5-4EF7-BA3F-F564D5405AF4}"
EndProject
Project("{9A19103F-16F7-4668-BE54-9A1E7A4F7556}") = "TPN1EnWeb.Servicios", "TPN1EnWeb.Servicios\TPN1EnWeb.Servicios.csproj", "{D620E292-6A17-4079-817E-D72FDF813424}"
EndProject
Project("{9A19103F-16F7-4668-BE54-9A1E7A4F7556}") = "TPN1EnWeb.Shared", "TPN1EnWeb.Shared\TPN1EnWeb.Shared.csproj", "{6E566C7D-0336-4AB4-9F6C-D3A755A626B8}"
EndProject
Project("{FAE04EC0-301F-11D3-BF4B-00C04F79EFBC}") = "TPN1EnWeb.Web", "TPN1EnWeb.Web\TPN1EnWeb.Web.csproj", "{A941F5CA-68DF-48FF-A0B0-2FEFBE1A1C40}"
EndProject
Global
	GlobalSection(SolutionConfigurationPlatforms) = preSolution
		Debug|Any CPU = Debug|Any CPU
		Release|Any CPU = Release|Any CPU
	EndGlobalSection
	GlobalSection(ProjectConfigurationPlatforms) = postSolution
		{CE7A4A5F-31BC-4B5A-9584-B5A39853AEB2}.Debug|Any CPU.ActiveCfg = Debug|Any CPU
		{CE7A4A5F-31BC-4B5A-9584-B5A39853AEB2}.Debug|Any CPU.Build.0 = Debug|Any CPU
		{CE7A4A5F-31BC-4B5A-9584-B5A39853AEB2}.Release|Any CPU.ActiveCfg = Release|Any CPU
		{CE7A4A5F-31BC-4B5A-9584-B5A39853AEB2}.Release|Any CPU.Build.0 = Release|Any CPU
		{2B7DE259-F21A-4524-9D51-DF8FDFA88B99}.Debug|Any CPU.ActiveCfg = Debug|Any CPU
		{2B7DE259-F21A-4524-9D51-DF8FDFA88B99}.Debug|Any CPU.Build.0 = Debug|Any CPU
		{2B7DE259-F21A-4524-9D51-DF8FDFA88B99}.Release|Any CPU.ActiveCfg = Release|Any CPU
		{2B7DE259-F21A-4524-9D51-DF8FDFA88B99}.Release|Any CPU.Build.0 = Release|Any CPU
		{F1235C97-04A5-4EF7-BA3F-F564D5405AF4}.Debug|Any CPU.ActiveCfg = Debug|Any CPU
		{F1235C97-04A5-4EF7-BA3F-F564D5405AF4}.Debug|Any CPU.Build.0 = Debug|Any CPU
		{F1235C97-04A5-4EF7-BA3F-F564D5405AF4}.Release|Any CPU.ActiveCfg = Release|Any CPU
		{F1235C97-04A5-4EF7-BA3F-F564D5405AF4}.Release|Any CPU.Build.0 = Release|Any CPU
		{D620E292-6A17-4079-817E-D72FDF813424}.Debug|Any CPU.ActiveCfg = Debug|Any CPU
		{D620E292-6A17-4079-817E-D72FDF813424}.Debug|Any CPU.Build.0 = Debug|Any CPU
		{D620E292-6A17-4079-817E-D72FDF813424}.Release|Any CPU.ActiveCfg = Release|Any CPU
		{D620E292-6A17-4079-817E-D72FDF813424}.Release|Any CPU.Build.0 = Release|Any CPU
		{6E566C7D-0336-4AB4-9F6C-D3A755A626B8}.Debug|Any CPU.ActiveCfg = Debug|Any CPU
		{6E566C7D-0336-4AB4-9F6C-D3A755A626B8}.Debug|Any CPU.Build.0 = Debug|Any CPU
		{6E566C7D-0336-4AB4-9F6C-D3A755A626B8}.Release|Any CPU.ActiveCfg = Release|Any CPU
		{6E566C7D-0336-4AB4-9F6C-D3A755A626B8}.Release|Any CPU.Build.0 = Release|Any CPU
		{A941F5CA-68DF-48FF-A0B0-2FEFBE1A1C40}.Debug|Any CPU.ActiveCfg = Debug|Any CPU
		{A941F5CA-68DF-48FF-A0B0-2FEFBE1A1C40}.Debug|Any CPU.Build.0 = Debug|Any CPU
		{A941F5CA-68DF-48FF-A0B0-2FEFBE1A1C40}.Release|Any CPU.ActiveCfg = Release|Any CPU
		{A941F5CA-68DF-48FF-A0B0-2FEFBE1A1C40}.Release|Any CPU.Build.0 = Release|Any CPU
	EndGlobalSection
	GlobalSection(SolutionProperties) = preSolution
		HideSolutionNode = FALSE
	EndGlobalSection
	GlobalSection(ExtensibilityGlobals) = postSolution
		SolutionGuid = {AA29CD10-82A5-498F-A057-74C914B98E9F}
	EndGlobalSection
EndGlobal
